
Microsoft Visual Studio Solution File, Format Version 12.00
# Visual Studio Version 17
VisualStudioVersion = 17.5.33209.295
MinimumVisualStudioVersion = 10.0.40219.1
Project("{FAE04EC0-301F-11D3-BF4B-00C04F79EFBC}") = "CoffeeShop", "CoffeeShop\CoffeeShop.csproj", "{A3B948D2-359C-49C7-9159-8E02464A284C}"
EndProject
Global
	GlobalSection(SolutionConfigurationPlatforms) = preSolution
		Debug|Any CPU = Debug|Any CPU
		Release|Any CPU = Release|Any CPU
	EndGlobalSection
	GlobalSection(ProjectConfigurationPlatforms) = postSolution
		{A3B948D2-359C-49C7-9159-8E02464A284C}.Debug|Any CPU.ActiveCfg = Debug|Any CPU
		{A3B948D2-359C-49C7-9159-8E02464A284C}.Debug|Any CPU.Build.0 = Debug|Any CPU
		{A3B948D2-359C-49C7-9159-8E02464A284C}.Release|Any CPU.ActiveCfg = Release|Any CPU
		{A3B948D2-359C-49C7-9159-8E02464A284C}.Release|Any CPU.Build.0 = Release|Any CPU
	EndGlobalSection
	GlobalSection(SolutionProperties) = preSolution
		HideSolutionNode = FALSE
	EndGlobalSection
	GlobalSection(ExtensibilityGlobals) = postSolution
		SolutionGuid = {F235FC1D-8A2C-45E4-AEBF-CDB0BC8A24E6}
	EndGlobalSection
EndGlobal
